{
  "name": "login-service",
  "lockfileVersion": 2,
  "requires": true,
  "packages": {
    "": {
      "dependencies": {
        "redis-fast-driver": "^2.1.5"
      }
    },
    "node_modules/nan": {
      "version": "2.14.2",
      "resolved": "https://registry.npmjs.org/nan/-/nan-2.14.2.tgz",
      "integrity": "sha512-M2ufzIiINKCuDfBSAUr1vWQ+vuVcA9kqx8JJUsbQi6yf1uGRyb7HfpdfUr5qLXf3B/t8dPvcjhKMmlfnP47EzQ=="
    },
    "node_modules/redis-fast-driver": {
      "version": "2.1.5",
      "resolved": "https://registry.npmjs.org/redis-fast-driver/-/redis-fast-driver-2.1.5.tgz",
      "integrity": "sha512-o9lios/vSbulC2E9Fwyg8PCzSt4ZkvjLuIV5VlK7yNEgWGUwS638H48oofZ62hU9eMRdmXAyZQu9VhXr+ezb6g==",
      "hasInstallScript": true,
      "dependencies": {
        "nan": "latest"
      },
      "engines": {
        "node": ">=4"
      }
    }
  },
  "dependencies": {
    "nan": {
      "version": "2.14.2",
      "resolved": "https://registry.npmjs.org/nan/-/nan-2.14.2.tgz",
      "integrity": "sha512-M2ufzIiINKCuDfBSAUr1vWQ+vuVcA9kqx8JJUsbQi6yf1uGRyb7HfpdfUr5qLXf3B/t8dPvcjhKMmlfnP47EzQ=="
    },
    "redis-fast-driver": {
      "version": "2.1.5",
      "resolved": "https://registry.npmjs.org/redis-fast-driver/-/redis-fast-driver-2.1.5.tgz",
      "integrity": "sha512-o9lios/vSbulC2E9Fwyg8PCzSt4ZkvjLuIV5VlK7yNEgWGUwS638H48oofZ62hU9eMRdmXAyZQu9VhXr+ezb6g==",
      "requires": {
        "nan": "latest"
      }
    }
  }
}
